
Microsoft Visual Studio Solution File, Format Version 12.00
# Visual Studio Version 17
VisualStudioVersion = 17.11.35303.130
MinimumVisualStudioVersion = 10.0.40219.1
Project("{2150E333-8FDC-42A3-9474-1A3956D46DE8}") = "src", "src", "{BCF86CEB-3710-4D60-A889-193E68E3C180}"
EndProject
Project("{2150E333-8FDC-42A3-9474-1A3956D46DE8}") = "BuildingBlocks", "BuildingBlocks", "{096477E4-DF29-4E76-B6C8-68F6787F533E}"
EndProject
Project("{2150E333-8FDC-42A3-9474-1A3956D46DE8}") = "Services", "Services", "{8D9F0BF6-5713-412B-A1A0-0E6051278D2B}"
EndProject
Project("{2150E333-8FDC-42A3-9474-1A3956D46DE8}") = "Shared", "Shared", "{294084A6-F6B6-4AF0-91FC-9A90BDE35114}"
EndProject
Project("{FAE04EC0-301F-11D3-BF4B-00C04F79EFBC}") = "MoviesRental.Core", "src\BuildingBlocks\MoviesRental.Core\MoviesRental.Core.csproj", "{BD2A88C5-E747-4581-A9A6-13F160E1AF4F}"
EndProject
Project("{2150E333-8FDC-42A3-9474-1A3956D46DE8}") = "Consumer", "Consumer", "{0363CF7D-3397-4829-8175-AC3E2E7AC998}"
EndProject
Project("{2150E333-8FDC-42A3-9474-1A3956D46DE8}") = "Publisher", "Publisher", "{6A3DFD46-FF74-47CD-9401-8E5A13A796F9}"
EndProject
Project("{FAE04EC0-301F-11D3-BF4B-00C04F79EFBC}") = "MoviesRental.Consumer", "src\Services\Consumer\MoviesRental.Consumer\MoviesRental.Consumer.csproj", "{F045838A-8BC2-4E88-B9E4-F2C761B808CD}"
EndProject
Project("{2150E333-8FDC-42A3-9474-1A3956D46DE8}") = "Domain", "Domain", "{94A639B5-AC79-4490-9369-3CF300EC466B}"
EndProject
Project("{2150E333-8FDC-42A3-9474-1A3956D46DE8}") = "Application", "Application", "{5A18C527-D49A-4225-814A-88AC840C40CB}"
EndProject
Project("{2150E333-8FDC-42A3-9474-1A3956D46DE8}") = "Infrastructure", "Infrastructure", "{A4883BA8-034E-49E6-A922-624528486634}"
EndProject
Project("{2150E333-8FDC-42A3-9474-1A3956D46DE8}") = "Presentation", "Presentation", "{F196CBEA-8216-4F04-BCEE-3E5EC9FD9ADA}"
EndProject
Project("{2150E333-8FDC-42A3-9474-1A3956D46DE8}") = "Queries", "Queries", "{1B0DF3BE-5580-46EE-85B3-C03781294014}"
EndProject
Project("{2150E333-8FDC-42A3-9474-1A3956D46DE8}") = "Domain", "Domain", "{15EA2A4B-2803-49DF-A8CA-33CE66EF3885}"
EndProject
Project("{2150E333-8FDC-42A3-9474-1A3956D46DE8}") = "Application", "Application", "{2C337F4E-7605-4A4B-813B-4E5FA1D850DC}"
EndProject
Project("{2150E333-8FDC-42A3-9474-1A3956D46DE8}") = "infrastructure", "infrastructure", "{E43A82B6-9FE1-465D-B905-ED6AE44D0550}"
EndProject
Project("{FAE04EC0-301F-11D3-BF4B-00C04F79EFBC}") = "MoviesRental.Domain", "src\Services\Publisher\Domain\MoviesRental.Domain\MoviesRental.Domain.csproj", "{51DDE47B-7137-4E90-BB30-F1CB48AA58A9}"
EndProject
Project("{FAE04EC0-301F-11D3-BF4B-00C04F79EFBC}") = "MoviesRental.Application", "src\Services\Publisher\Application\MoviesRental.Application\MoviesRental.Application.csproj", "{305D6E83-7C18-4CB2-9841-3F38B6CE4B64}"
EndProject
Project("{FAE04EC0-301F-11D3-BF4B-00C04F79EFBC}") = "MoviesRental.Infrasctructure", "src\Services\Publisher\Infrastructure\MoviesRental.Infrasctructure\MoviesRental.Infrasctructure.csproj", "{03968C0A-047D-4B31-9B3A-4BC9BFBDC813}"
EndProject
Project("{FAE04EC0-301F-11D3-BF4B-00C04F79EFBC}") = "MoviesRental.WebApi", "src\Services\Publisher\Presentation\MoviesRental.WebApi\MoviesRental.WebApi.csproj", "{C0EF9F60-885F-4EAD-903A-AAB43EDA6C7F}"
EndProject
Project("{FAE04EC0-301F-11D3-BF4B-00C04F79EFBC}") = "MoviesRental.Query.Application", "src\Shared\Queries\Application\MoviesRental.Query.Application\MoviesRental.Query.Application.csproj", "{B3CD1D27-3FA4-4FE6-A51F-217F01CF32E6}"
EndProject
Project("{FAE04EC0-301F-11D3-BF4B-00C04F79EFBC}") = "MoviesRental.Query.Domain", "src\Shared\Queries\Domain\MoviesRental.Query.Domain\MoviesRental.Query.Domain.csproj", "{2C78A6B4-36F5-4B0E-B1F5-FF64837A0D95}"
EndProject
Project("{FAE04EC0-301F-11D3-BF4B-00C04F79EFBC}") = "MoviesRental.Query.Infrastructure", "src\Shared\Queries\Infrasctructure\MoviesRental.Query.Infrastructure\MoviesRental.Query.Infrastructure.csproj", "{5FB7DEE6-347F-42B3-B216-C4A643A91A5E}"
EndProject
Global
	GlobalSection(SolutionConfigurationPlatforms) = preSolution
		Debug|Any CPU = Debug|Any CPU
		Release|Any CPU = Release|Any CPU
	EndGlobalSection
	GlobalSection(ProjectConfigurationPlatforms) = postSolution
		{BD2A88C5-E747-4581-A9A6-13F160E1AF4F}.Debug|Any CPU.ActiveCfg = Debug|Any CPU
		{BD2A88C5-E747-4581-A9A6-13F160E1AF4F}.Debug|Any CPU.Build.0 = Debug|Any CPU
		{BD2A88C5-E747-4581-A9A6-13F160E1AF4F}.Release|Any CPU.ActiveCfg = Release|Any CPU
		{BD2A88C5-E747-4581-A9A6-13F160E1AF4F}.Release|Any CPU.Build.0 = Release|Any CPU
		{F045838A-8BC2-4E88-B9E4-F2C761B808CD}.Debug|Any CPU.ActiveCfg = Debug|Any CPU
		{F045838A-8BC2-4E88-B9E4-F2C761B808CD}.Debug|Any CPU.Build.0 = Debug|Any CPU
		{F045838A-8BC2-4E88-B9E4-F2C761B808CD}.Release|Any CPU.ActiveCfg = Release|Any CPU
		{F045838A-8BC2-4E88-B9E4-F2C761B808CD}.Release|Any CPU.Build.0 = Release|Any CPU
		{51DDE47B-7137-4E90-BB30-F1CB48AA58A9}.Debug|Any CPU.ActiveCfg = Debug|Any CPU
		{51DDE47B-7137-4E90-BB30-F1CB48AA58A9}.Debug|Any CPU.Build.0 = Debug|Any CPU
		{51DDE47B-7137-4E90-BB30-F1CB48AA58A9}.Release|Any CPU.ActiveCfg = Release|Any CPU
		{51DDE47B-7137-4E90-BB30-F1CB48AA58A9}.Release|Any CPU.Build.0 = Release|Any CPU
		{305D6E83-7C18-4CB2-9841-3F38B6CE4B64}.Debug|Any CPU.ActiveCfg = Debug|Any CPU
		{305D6E83-7C18-4CB2-9841-3F38B6CE4B64}.Debug|Any CPU.Build.0 = Debug|Any CPU
		{305D6E83-7C18-4CB2-9841-3F38B6CE4B64}.Release|Any CPU.ActiveCfg = Release|Any CPU
		{305D6E83-7C18-4CB2-9841-3F38B6CE4B64}.Release|Any CPU.Build.0 = Release|Any CPU
		{03968C0A-047D-4B31-9B3A-4BC9BFBDC813}.Debug|Any CPU.ActiveCfg = Debug|Any CPU
		{03968C0A-047D-4B31-9B3A-4BC9BFBDC813}.Debug|Any CPU.Build.0 = Debug|Any CPU
		{03968C0A-047D-4B31-9B3A-4BC9BFBDC813}.Release|Any CPU.ActiveCfg = Release|Any CPU
		{03968C0A-047D-4B31-9B3A-4BC9BFBDC813}.Release|Any CPU.Build.0 = Release|Any CPU
		{C0EF9F60-885F-4EAD-903A-AAB43EDA6C7F}.Debug|Any CPU.ActiveCfg = Debug|Any CPU
		{C0EF9F60-885F-4EAD-903A-AAB43EDA6C7F}.Debug|Any CPU.Build.0 = Debug|Any CPU
		{C0EF9F60-885F-4EAD-903A-AAB43EDA6C7F}.Release|Any CPU.ActiveCfg = Release|Any CPU
		{C0EF9F60-885F-4EAD-903A-AAB43EDA6C7F}.Release|Any CPU.Build.0 = Release|Any CPU
		{B3CD1D27-3FA4-4FE6-A51F-217F01CF32E6}.Debug|Any CPU.ActiveCfg = Debug|Any CPU
		{B3CD1D27-3FA4-4FE6-A51F-217F01CF32E6}.Debug|Any CPU.Build.0 = Debug|Any CPU
		{B3CD1D27-3FA4-4FE6-A51F-217F01CF32E6}.Release|Any CPU.ActiveCfg = Release|Any CPU
		{B3CD1D27-3FA4-4FE6-A51F-217F01CF32E6}.Release|Any CPU.Build.0 = Release|Any CPU
		{2C78A6B4-36F5-4B0E-B1F5-FF64837A0D95}.Debug|Any CPU.ActiveCfg = Debug|Any CPU
		{2C78A6B4-36F5-4B0E-B1F5-FF64837A0D95}.Debug|Any CPU.Build.0 = Debug|Any CPU
		{2C78A6B4-36F5-4B0E-B1F5-FF64837A0D95}.Release|Any CPU.ActiveCfg = Release|Any CPU
		{2C78A6B4-36F5-4B0E-B1F5-FF64837A0D95}.Release|Any CPU.Build.0 = Release|Any CPU
		{5FB7DEE6-347F-42B3-B216-C4A643A91A5E}.Debug|Any CPU.ActiveCfg = Debug|Any CPU
		{5FB7DEE6-347F-42B3-B216-C4A643A91A5E}.Debug|Any CPU.Build.0 = Debug|Any CPU
		{5FB7DEE6-347F-42B3-B216-C4A643A91A5E}.Release|Any CPU.ActiveCfg = Release|Any CPU
		{5FB7DEE6-347F-42B3-B216-C4A643A91A5E}.Release|Any CPU.Build.0 = Release|Any CPU
	EndGlobalSection
	GlobalSection(SolutionProperties) = preSolution
		HideSolutionNode = FALSE
	EndGlobalSection
	GlobalSection(NestedProjects) = preSolution
		{096477E4-DF29-4E76-B6C8-68F6787F533E} = {BCF86CEB-3710-4D60-A889-193E68E3C180}
		{8D9F0BF6-5713-412B-A1A0-0E6051278D2B} = {BCF86CEB-3710-4D60-A889-193E68E3C180}
		{294084A6-F6B6-4AF0-91FC-9A90BDE35114} = {BCF86CEB-3710-4D60-A889-193E68E3C180}
		{BD2A88C5-E747-4581-A9A6-13F160E1AF4F} = {096477E4-DF29-4E76-B6C8-68F6787F533E}
		{0363CF7D-3397-4829-8175-AC3E2E7AC998} = {8D9F0BF6-5713-412B-A1A0-0E6051278D2B}
		{6A3DFD46-FF74-47CD-9401-8E5A13A796F9} = {8D9F0BF6-5713-412B-A1A0-0E6051278D2B}
		{F045838A-8BC2-4E88-B9E4-F2C761B808CD} = {0363CF7D-3397-4829-8175-AC3E2E7AC998}
		{94A639B5-AC79-4490-9369-3CF300EC466B} = {6A3DFD46-FF74-47CD-9401-8E5A13A796F9}
		{5A18C527-D49A-4225-814A-88AC840C40CB} = {6A3DFD46-FF74-47CD-9401-8E5A13A796F9}
		{A4883BA8-034E-49E6-A922-624528486634} = {6A3DFD46-FF74-47CD-9401-8E5A13A796F9}
		{F196CBEA-8216-4F04-BCEE-3E5EC9FD9ADA} = {6A3DFD46-FF74-47CD-9401-8E5A13A796F9}
		{1B0DF3BE-5580-46EE-85B3-C03781294014} = {294084A6-F6B6-4AF0-91FC-9A90BDE35114}
		{15EA2A4B-2803-49DF-A8CA-33CE66EF3885} = {1B0DF3BE-5580-46EE-85B3-C03781294014}
		{2C337F4E-7605-4A4B-813B-4E5FA1D850DC} = {1B0DF3BE-5580-46EE-85B3-C03781294014}
		{E43A82B6-9FE1-465D-B905-ED6AE44D0550} = {1B0DF3BE-5580-46EE-85B3-C03781294014}
		{51DDE47B-7137-4E90-BB30-F1CB48AA58A9} = {94A639B5-AC79-4490-9369-3CF300EC466B}
		{305D6E83-7C18-4CB2-9841-3F38B6CE4B64} = {5A18C527-D49A-4225-814A-88AC840C40CB}
		{03968C0A-047D-4B31-9B3A-4BC9BFBDC813} = {A4883BA8-034E-49E6-A922-624528486634}
		{C0EF9F60-885F-4EAD-903A-AAB43EDA6C7F} = {F196CBEA-8216-4F04-BCEE-3E5EC9FD9ADA}
		{B3CD1D27-3FA4-4FE6-A51F-217F01CF32E6} = {2C337F4E-7605-4A4B-813B-4E5FA1D850DC}
		{2C78A6B4-36F5-4B0E-B1F5-FF64837A0D95} = {15EA2A4B-2803-49DF-A8CA-33CE66EF3885}
		{5FB7DEE6-347F-42B3-B216-C4A643A91A5E} = {E43A82B6-9FE1-465D-B905-ED6AE44D0550}
	EndGlobalSection
	GlobalSection(ExtensibilityGlobals) = postSolution
		SolutionGuid = {74A57493-0D80-4D2F-B9DC-8330055A2A0B}
	EndGlobalSection
EndGlobal
